// !$*UTF8*$!
{
	archiveVersion = 1;
	classes = {
	};
	objectVersion = 56;
	objects = {

/* Begin PBXBuildFile section */
		E919EFC72C2217FE00AF3034 /* FileCache.swift in Sources */ = {isa = PBXBuildFile; fileRef = E919EFC62C2217FE00AF3034 /* FileCache.swift */; };
		E9263C362C2F46A7005E11BB /* Importance.swift in Sources */ = {isa = PBXBuildFile; fileRef = E9263C352C2F46A7005E11BB /* Importance.swift */; };
		E92981472C2F160200129A50 /* TaskView.swift in Sources */ = {isa = PBXBuildFile; fileRef = E92981462C2F160200129A50 /* TaskView.swift */; };
		E92981492C2F161200129A50 /* MainView.swift in Sources */ = {isa = PBXBuildFile; fileRef = E92981482C2F161200129A50 /* MainView.swift */; };
		E96E37E42C1DE49D00DEF692 /* ToDoListApp.swift in Sources */ = {isa = PBXBuildFile; fileRef = E96E37E32C1DE49D00DEF692 /* ToDoListApp.swift */; };
		E96E37E62C1DE49D00DEF692 /* ContentView.swift in Sources */ = {isa = PBXBuildFile; fileRef = E96E37E52C1DE49D00DEF692 /* ContentView.swift */; };
		E96E37E82C1DE49F00DEF692 /* Assets.xcassets in Resources */ = {isa = PBXBuildFile; fileRef = E96E37E72C1DE49F00DEF692 /* Assets.xcassets */; };
		E96E37EB2C1DE49F00DEF692 /* Preview Assets.xcassets in Resources */ = {isa = PBXBuildFile; fileRef = E96E37EA2C1DE49F00DEF692 /* Preview Assets.xcassets */; };
		E96E37FF2C1DE49F00DEF692 /* ToDoListUITests.swift in Sources */ = {isa = PBXBuildFile; fileRef = E96E37FE2C1DE49F00DEF692 /* ToDoListUITests.swift */; };
		E96E38012C1DE49F00DEF692 /* ToDoListUITestsLaunchTests.swift in Sources */ = {isa = PBXBuildFile; fileRef = E96E38002C1DE49F00DEF692 /* ToDoListUITestsLaunchTests.swift */; };
		E96E380E2C1DE4C500DEF692 /* TodoItem.swift in Sources */ = {isa = PBXBuildFile; fileRef = E96E380D2C1DE4C500DEF692 /* TodoItem.swift */; };
		E9A752BA2C262648007324A6 /* TodoItemTests.swift in Sources */ = {isa = PBXBuildFile; fileRef = E9A752B92C262648007324A6 /* TodoItemTests.swift */; };
		E9A818532C2FA7CD008F1E2F /* FormBackgroundModifier.swift in Sources */ = {isa = PBXBuildFile; fileRef = E9A818522C2FA7CD008F1E2F /* FormBackgroundModifier.swift */; };
		E9A818552C2FABFA008F1E2F /* ColorPicker.swift in Sources */ = {isa = PBXBuildFile; fileRef = E9A818542C2FABFA008F1E2F /* ColorPicker.swift */; };
/* End PBXBuildFile section */

/* Begin PBXContainerItemProxy section */
		E96E37F12C1DE49F00DEF692 /* PBXContainerItemProxy */ = {
			isa = PBXContainerItemProxy;
			containerPortal = E96E37D82C1DE49D00DEF692 /* Project object */;
			proxyType = 1;
			remoteGlobalIDString = E96E37DF2C1DE49D00DEF692;
			remoteInfo = ToDoList;
		};
		E96E37FB2C1DE49F00DEF692 /* PBXContainerItemProxy */ = {
			isa = PBXContainerItemProxy;
			containerPortal = E96E37D82C1DE49D00DEF692 /* Project object */;
			proxyType = 1;
			remoteGlobalIDString = E96E37DF2C1DE49D00DEF692;
			remoteInfo = ToDoList;
		};
/* End PBXContainerItemProxy section */

/* Begin PBXFileReference section */
		E919EFC62C2217FE00AF3034 /* FileCache.swift */ = {isa = PBXFileReference; lastKnownFileType = sourcecode.swift; path = FileCache.swift; sourceTree = "<group>"; };
		E9263C352C2F46A7005E11BB /* Importance.swift */ = {isa = PBXFileReference; lastKnownFileType = sourcecode.swift; path = Importance.swift; sourceTree = "<group>"; };
		E92981462C2F160200129A50 /* TaskView.swift */ = {isa = PBXFileReference; lastKnownFileType = sourcecode.swift; path = TaskView.swift; sourceTree = "<group>"; };
		E92981482C2F161200129A50 /* MainView.swift */ = {isa = PBXFileReference; lastKnownFileType = sourcecode.swift; path = MainView.swift; sourceTree = "<group>"; };
		E96E37E02C1DE49D00DEF692 /* ToDoList.app */ = {isa = PBXFileReference; explicitFileType = wrapper.application; includeInIndex = 0; path = ToDoList.app; sourceTree = BUILT_PRODUCTS_DIR; };
		E96E37E32C1DE49D00DEF692 /* ToDoListApp.swift */ = {isa = PBXFileReference; lastKnownFileType = sourcecode.swift; path = ToDoListApp.swift; sourceTree = "<group>"; };
		E96E37E52C1DE49D00DEF692 /* ContentView.swift */ = {isa = PBXFileReference; lastKnownFileType = sourcecode.swift; path = ContentView.swift; sourceTree = "<group>"; };
		E96E37E72C1DE49F00DEF692 /* Assets.xcassets */ = {isa = PBXFileReference; lastKnownFileType = folder.assetcatalog; path = Assets.xcassets; sourceTree = "<group>"; };
		E96E37EA2C1DE49F00DEF692 /* Preview Assets.xcassets */ = {isa = PBXFileReference; lastKnownFileType = folder.assetcatalog; path = "Preview Assets.xcassets"; sourceTree = "<group>"; };
		E96E37F02C1DE49F00DEF692 /* ToDoListTests.xctest */ = {isa = PBXFileReference; explicitFileType = wrapper.cfbundle; includeInIndex = 0; path = ToDoListTests.xctest; sourceTree = BUILT_PRODUCTS_DIR; };
		E96E37FA2C1DE49F00DEF692 /* ToDoListUITests.xctest */ = {isa = PBXFileReference; explicitFileType = wrapper.cfbundle; includeInIndex = 0; path = ToDoListUITests.xctest; sourceTree = BUILT_PRODUCTS_DIR; };
		E96E37FE2C1DE49F00DEF692 /* ToDoListUITests.swift */ = {isa = PBXFileReference; lastKnownFileType = sourcecode.swift; path = ToDoListUITests.swift; sourceTree = "<group>"; };
		E96E38002C1DE49F00DEF692 /* ToDoListUITestsLaunchTests.swift */ = {isa = PBXFileReference; lastKnownFileType = sourcecode.swift; path = ToDoListUITestsLaunchTests.swift; sourceTree = "<group>"; };
		E96E380D2C1DE4C500DEF692 /* TodoItem.swift */ = {isa = PBXFileReference; lastKnownFileType = sourcecode.swift; path = TodoItem.swift; sourceTree = "<group>"; };
		E9A752B92C262648007324A6 /* TodoItemTests.swift */ = {isa = PBXFileReference; lastKnownFileType = sourcecode.swift; path = TodoItemTests.swift; sourceTree = "<group>"; };
		E9A818522C2FA7CD008F1E2F /* FormBackgroundModifier.swift */ = {isa = PBXFileReference; lastKnownFileType = sourcecode.swift; path = FormBackgroundModifier.swift; sourceTree = "<group>"; };
		E9A818542C2FABFA008F1E2F /* ColorPicker.swift */ = {isa = PBXFileReference; lastKnownFileType = sourcecode.swift; path = ColorPicker.swift; sourceTree = "<group>"; };
/* End PBXFileReference section */

/* Begin PBXFrameworksBuildPhase section */
		E96E37DD2C1DE49D00DEF692 /* Frameworks */ = {
			isa = PBXFrameworksBuildPhase;
			buildActionMask = 2147483647;
			files = (
			);
			runOnlyForDeploymentPostprocessing = 0;
		};
		E96E37ED2C1DE49F00DEF692 /* Frameworks */ = {
			isa = PBXFrameworksBuildPhase;
			buildActionMask = 2147483647;
			files = (
			);
			runOnlyForDeploymentPostprocessing = 0;
		};
		E96E37F72C1DE49F00DEF692 /* Frameworks */ = {
			isa = PBXFrameworksBuildPhase;
			buildActionMask = 2147483647;
			files = (
			);
			runOnlyForDeploymentPostprocessing = 0;
		};
/* End PBXFrameworksBuildPhase section */

/* Begin PBXGroup section */
		E96E37D72C1DE49D00DEF692 = {
			isa = PBXGroup;
			children = (
				E96E37E22C1DE49D00DEF692 /* ToDoList */,
				E96E37F32C1DE49F00DEF692 /* ToDoListTests */,
				E96E37FD2C1DE49F00DEF692 /* ToDoListUITests */,
				E96E37E12C1DE49D00DEF692 /* Products */,
			);
			sourceTree = "<group>";
		};
		E96E37E12C1DE49D00DEF692 /* Products */ = {
			isa = PBXGroup;
			children = (
				E96E37E02C1DE49D00DEF692 /* ToDoList.app */,
				E96E37F02C1DE49F00DEF692 /* ToDoListTests.xctest */,
				E96E37FA2C1DE49F00DEF692 /* ToDoListUITests.xctest */,
			);
			name = Products;
			sourceTree = "<group>";
		};
		E96E37E22C1DE49D00DEF692 /* ToDoList */ = {
			isa = PBXGroup;
			children = (
				E96E380D2C1DE4C500DEF692 /* TodoItem.swift */,
				E96E37E32C1DE49D00DEF692 /* ToDoListApp.swift */,
				E919EFC62C2217FE00AF3034 /* FileCache.swift */,
				E96E37E52C1DE49D00DEF692 /* ContentView.swift */,
				E92981462C2F160200129A50 /* TaskView.swift */,
				E92981482C2F161200129A50 /* MainView.swift */,
				E9263C352C2F46A7005E11BB /* Importance.swift */,
				E9A818522C2FA7CD008F1E2F /* FormBackgroundModifier.swift */,
				E96E37E72C1DE49F00DEF692 /* Assets.xcassets */,
				E96E37E92C1DE49F00DEF692 /* Preview Content */,
				E9A818542C2FABFA008F1E2F /* ColorPicker.swift */,
			);
			path = ToDoList;
			sourceTree = "<group>";
		};
		E96E37E92C1DE49F00DEF692 /* Preview Content */ = {
			isa = PBXGroup;
			children = (
				E96E37EA2C1DE49F00DEF692 /* Preview Assets.xcassets */,
			);
			path = "Preview Content";
			sourceTree = "<group>";
		};
		E96E37F32C1DE49F00DEF692 /* ToDoListTests */ = {
			isa = PBXGroup;
			children = (
				E9A752B92C262648007324A6 /* TodoItemTests.swift */,
			);
			path = ToDoListTests;
			sourceTree = "<group>";
		};
		E96E37FD2C1DE49F00DEF692 /* ToDoListUITests */ = {
			isa = PBXGroup;
			children = (
				E96E37FE2C1DE49F00DEF692 /* ToDoListUITests.swift */,
				E96E38002C1DE49F00DEF692 /* ToDoListUITestsLaunchTests.swift */,
			);
			path = ToDoListUITests;
			sourceTree = "<group>";
		};
/* End PBXGroup section */

/* Begin PBXNativeTarget section */
		E96E37DF2C1DE49D00DEF692 /* ToDoList */ = {
			isa = PBXNativeTarget;
			buildConfigurationList = E96E38042C1DE49F00DEF692 /* Build configuration list for PBXNativeTarget "ToDoList" */;
			buildPhases = (
				E96E37DC2C1DE49D00DEF692 /* Sources */,
				E96E37DD2C1DE49D00DEF692 /* Frameworks */,
				E96E37DE2C1DE49D00DEF692 /* Resources */,
			);
			buildRules = (
			);
			dependencies = (
			);
			name = ToDoList;
			productName = ToDoList;
			productReference = E96E37E02C1DE49D00DEF692 /* ToDoList.app */;
			productType = "com.apple.product-type.application";
		};
		E96E37EF2C1DE49F00DEF692 /* ToDoListTests */ = {
			isa = PBXNativeTarget;
			buildConfigurationList = E96E38072C1DE49F00DEF692 /* Build configuration list for PBXNativeTarget "ToDoListTests" */;
			buildPhases = (
				E96E37EC2C1DE49F00DEF692 /* Sources */,
				E96E37ED2C1DE49F00DEF692 /* Frameworks */,
				E96E37EE2C1DE49F00DEF692 /* Resources */,
			);
			buildRules = (
			);
			dependencies = (
				E96E37F22C1DE49F00DEF692 /* PBXTargetDependency */,
			);
			name = ToDoListTests;
			productName = ToDoListTests;
			productReference = E96E37F02C1DE49F00DEF692 /* ToDoListTests.xctest */;
			productType = "com.apple.product-type.bundle.unit-test";
		};
		E96E37F92C1DE49F00DEF692 /* ToDoListUITests */ = {
			isa = PBXNativeTarget;
			buildConfigurationList = E96E380A2C1DE49F00DEF692 /* Build configuration list for PBXNativeTarget "ToDoListUITests" */;
			buildPhases = (
				E96E37F62C1DE49F00DEF692 /* Sources */,
				E96E37F72C1DE49F00DEF692 /* Frameworks */,
				E96E37F82C1DE49F00DEF692 /* Resources */,
			);
			buildRules = (
			);
			dependencies = (
				E96E37FC2C1DE49F00DEF692 /* PBXTargetDependency */,
			);
			name = ToDoListUITests;
			productName = ToDoListUITests;
			productReference = E96E37FA2C1DE49F00DEF692 /* ToDoListUITests.xctest */;
			productType = "com.apple.product-type.bundle.ui-testing";
		};
/* End PBXNativeTarget section */

/* Begin PBXProject section */
		E96E37D82C1DE49D00DEF692 /* Project object */ = {
			isa = PBXProject;
			attributes = {
				BuildIndependentTargetsInParallel = 1;
				LastSwiftUpdateCheck = 1500;
				LastUpgradeCheck = 1500;
				TargetAttributes = {
					E96E37DF2C1DE49D00DEF692 = {
						CreatedOnToolsVersion = 15.0;
					};
					E96E37EF2C1DE49F00DEF692 = {
						CreatedOnToolsVersion = 15.0;
						TestTargetID = E96E37DF2C1DE49D00DEF692;
					};
					E96E37F92C1DE49F00DEF692 = {
						CreatedOnToolsVersion = 15.0;
						TestTargetID = E96E37DF2C1DE49D00DEF692;
					};
				};
			};
			buildConfigurationList = E96E37DB2C1DE49D00DEF692 /* Build configuration list for PBXProject "ToDoList" */;
			compatibilityVersion = "Xcode 14.0";
			developmentRegion = en;
			hasScannedForEncodings = 0;
			knownRegions = (
				en,
				Base,
			);
			mainGroup = E96E37D72C1DE49D00DEF692;
			productRefGroup = E96E37E12C1DE49D00DEF692 /* Products */;
			projectDirPath = "";
			projectRoot = "";
			targets = (
				E96E37DF2C1DE49D00DEF692 /* ToDoList */,
				E96E37EF2C1DE49F00DEF692 /* ToDoListTests */,
				E96E37F92C1DE49F00DEF692 /* ToDoListUITests */,
			);
		};
/* End PBXProject section */

/* Begin PBXResourcesBuildPhase section */
		E96E37DE2C1DE49D00DEF692 /* Resources */ = {
			isa = PBXResourcesBuildPhase;
			buildActionMask = 2147483647;
			files = (
				E96E37EB2C1DE49F00DEF692 /* Preview Assets.xcassets in Resources */,
				E96E37E82C1DE49F00DEF692 /* Assets.xcassets in Resources */,
			);
			runOnlyForDeploymentPostprocessing = 0;
		};
		E96E37EE2C1DE49F00DEF692 /* Resources */ = {
			isa = PBXResourcesBuildPhase;
			buildActionMask = 2147483647;
			files = (
			);
			runOnlyForDeploymentPostprocessing = 0;
		};
		E96E37F82C1DE49F00DEF692 /* Resources */ = {
			isa = PBXResourcesBuildPhase;
			buildActionMask = 2147483647;
			files = (
			);
			runOnlyForDeploymentPostprocessing = 0;
		};
/* End PBXResourcesBuildPhase section */

/* Begin PBXSourcesBuildPhase section */
		E96E37DC2C1DE49D00DEF692 /* Sources */ = {
			isa = PBXSourcesBuildPhase;
			buildActionMask = 2147483647;
			files = (
				E96E37E62C1DE49D00DEF692 /* ContentView.swift in Sources */,
				E92981492C2F161200129A50 /* MainView.swift in Sources */,
				E9A818532C2FA7CD008F1E2F /* FormBackgroundModifier.swift in Sources */,
				E9263C362C2F46A7005E11BB /* Importance.swift in Sources */,
				E96E380E2C1DE4C500DEF692 /* TodoItem.swift in Sources */,
				E9A818552C2FABFA008F1E2F /* ColorPicker.swift in Sources */,
				E919EFC72C2217FE00AF3034 /* FileCache.swift in Sources */,
				E92981472C2F160200129A50 /* TaskView.swift in Sources */,
				E96E37E42C1DE49D00DEF692 /* ToDoListApp.swift in Sources */,
			);
			runOnlyForDeploymentPostprocessing = 0;
		};
		E96E37EC2C1DE49F00DEF692 /* Sources */ = {
			isa = PBXSourcesBuildPhase;
			buildActionMask = 2147483647;
			files = (
				E9A752BA2C262648007324A6 /* TodoItemTests.swift in Sources */,
			);
			runOnlyForDeploymentPostprocessing = 0;
		};
		E96E37F62C1DE49F00DEF692 /* Sources */ = {
			isa = PBXSourcesBuildPhase;
			buildActionMask = 2147483647;
			files = (
				E96E38012C1DE49F00DEF692 /* ToDoListUITestsLaunchTests.swift in Sources */,
				E96E37FF2C1DE49F00DEF692 /* ToDoListUITests.swift in Sources */,
			);
			runOnlyForDeploymentPostprocessing = 0;
		};
/* End PBXSourcesBuildPhase section */

/* Begin PBXTargetDependency section */
		E96E37F22C1DE49F00DEF692 /* PBXTargetDependency */ = {
			isa = PBXTargetDependency;
			target = E96E37DF2C1DE49D00DEF692 /* ToDoList */;
			targetProxy = E96E37F12C1DE49F00DEF692 /* PBXContainerItemProxy */;
		};
		E96E37FC2C1DE49F00DEF692 /* PBXTargetDependency */ = {
			isa = PBXTargetDependency;
			target = E96E37DF2C1DE49D00DEF692 /* ToDoList */;
			targetProxy = E96E37FB2C1DE49F00DEF692 /* PBXContainerItemProxy */;
		};
/* End PBXTargetDependency section */

/* Begin XCBuildConfiguration section */
		E96E38022C1DE49F00DEF692 /* Debug */ = {
			isa = XCBuildConfiguration;
			buildSettings = {
				ALWAYS_SEARCH_USER_PATHS = NO;
				ASSETCATALOG_COMPILER_GENERATE_SWIFT_ASSET_SYMBOL_EXTENSIONS = YES;
				CLANG_ANALYZER_NONNULL = YES;
				CLANG_ANALYZER_NUMBER_OBJECT_CONVERSION = YES_AGGRESSIVE;
				CLANG_CXX_LANGUAGE_STANDARD = "gnu++20";
				CLANG_ENABLE_MODULES = YES;
				CLANG_ENABLE_OBJC_ARC = YES;
				CLANG_ENABLE_OBJC_WEAK = YES;
				CLANG_WARN_BLOCK_CAPTURE_AUTORELEASING = YES;
				CLANG_WARN_BOOL_CONVERSION = YES;
				CLANG_WARN_COMMA = YES;
				CLANG_WARN_CONSTANT_CONVERSION = YES;
				CLANG_WARN_DEPRECATED_OBJC_IMPLEMENTATIONS = YES;
				CLANG_WARN_DIRECT_OBJC_ISA_USAGE = YES_ERROR;
				CLANG_WARN_DOCUMENTATION_COMMENTS = YES;
				CLANG_WARN_EMPTY_BODY = YES;
				CLANG_WARN_ENUM_CONVERSION = YES;
				CLANG_WARN_INFINITE_RECURSION = YES;
				CLANG_WARN_INT_CONVERSION = YES;
				CLANG_WARN_NON_LITERAL_NULL_CONVERSION = YES;
				CLANG_WARN_OBJC_IMPLICIT_RETAIN_SELF = YES;
				CLANG_WARN_OBJC_LITERAL_CONVERSION = YES;
				CLANG_WARN_OBJC_ROOT_CLASS = YES_ERROR;
				CLANG_WARN_QUOTED_INCLUDE_IN_FRAMEWORK_HEADER = YES;
				CLANG_WARN_RANGE_LOOP_ANALYSIS = YES;
				CLANG_WARN_STRICT_PROTOTYPES = YES;
				CLANG_WARN_SUSPICIOUS_MOVE = YES;
				CLANG_WARN_UNGUARDED_AVAILABILITY = YES_AGGRESSIVE;
				CLANG_WARN_UNREACHABLE_CODE = YES;
				CLANG_WARN__DUPLICATE_METHOD_MATCH = YES;
				COPY_PHASE_STRIP = NO;
				DEBUG_INFORMATION_FORMAT = dwarf;
				ENABLE_STRICT_OBJC_MSGSEND = YES;
				ENABLE_TESTABILITY = YES;
				ENABLE_USER_SCRIPT_SANDBOXING = YES;
				GCC_C_LANGUAGE_STANDARD = gnu17;
				GCC_DYNAMIC_NO_PIC = NO;
				GCC_NO_COMMON_BLOCKS = YES;
				GCC_OPTIMIZATION_LEVEL = 0;
				GCC_PREPROCESSOR_DEFINITIONS = (
					"DEBUG=1",
					"$(inherited)",
				);
				GCC_WARN_64_TO_32_BIT_CONVERSION = YES;
				GCC_WARN_ABOUT_RETURN_TYPE = YES_ERROR;
				GCC_WARN_UNDECLARED_SELECTOR = YES;
				GCC_WARN_UNINITIALIZED_AUTOS = YES_AGGRESSIVE;
				GCC_WARN_UNUSED_FUNCTION = YES;
				GCC_WARN_UNUSED_VARIABLE = YES;
				IPHONEOS_DEPLOYMENT_TARGET = 17.0;
				LOCALIZATION_PREFERS_STRING_CATALOGS = YES;
				MTL_ENABLE_DEBUG_INFO = INCLUDE_SOURCE;
				MTL_FAST_MATH = YES;
				ONLY_ACTIVE_ARCH = YES;
				SDKROOT = iphoneos;
				SWIFT_ACTIVE_COMPILATION_CONDITIONS = "DEBUG $(inherited)";
				SWIFT_OPTIMIZATION_LEVEL = "-Onone";
			};
			name = Debug;
		};
		E96E38032C1DE49F00DEF692 /* Release */ = {
			isa = XCBuildConfiguration;
			buildSettings = {
				ALWAYS_SEARCH_USER_PATHS = NO;
				ASSETCATALOG_COMPILER_GENERATE_SWIFT_ASSET_SYMBOL_EXTENSIONS = YES;
				CLANG_ANALYZER_NONNULL = YES;
				CLANG_ANALYZER_NUMBER_OBJECT_CONVERSION = YES_AGGRESSIVE;
				CLANG_CXX_LANGUAGE_STANDARD = "gnu++20";
				CLANG_ENABLE_MODULES = YES;
				CLANG_ENABLE_OBJC_ARC = YES;
				CLANG_ENABLE_OBJC_WEAK = YES;
				CLANG_WARN_BLOCK_CAPTURE_AUTORELEASING = YES;
				CLANG_WARN_BOOL_CONVERSION = YES;
				CLANG_WARN_COMMA = YES;
				CLANG_WARN_CONSTANT_CONVERSION = YES;
				CLANG_WARN_DEPRECATED_OBJC_IMPLEMENTATIONS = YES;
				CLANG_WARN_DIRECT_OBJC_ISA_USAGE = YES_ERROR;
				CLANG_WARN_DOCUMENTATION_COMMENTS = YES;
				CLANG_WARN_EMPTY_BODY = YES;
				CLANG_WARN_ENUM_CONVERSION = YES;
				CLANG_WARN_INFINITE_RECURSION = YES;
				CLANG_WARN_INT_CONVERSION = YES;
				CLANG_WARN_NON_LITERAL_NULL_CONVERSION = YES;
				CLANG_WARN_OBJC_IMPLICIT_RETAIN_SELF = YES;
				CLANG_WARN_OBJC_LITERAL_CONVERSION = YES;
				CLANG_WARN_OBJC_ROOT_CLASS = YES_ERROR;
				CLANG_WARN_QUOTED_INCLUDE_IN_FRAMEWORK_HEADER = YES;
				CLANG_WARN_RANGE_LOOP_ANALYSIS = YES;
				CLANG_WARN_STRICT_PROTOTYPES = YES;
				CLANG_WARN_SUSPICIOUS_MOVE = YES;
				CLANG_WARN_UNGUARDED_AVAILABILITY = YES_AGGRESSIVE;
				CLANG_WARN_UNREACHABLE_CODE = YES;
				CLANG_WARN__DUPLICATE_METHOD_MATCH = YES;
				COPY_PHASE_STRIP = NO;
				DEBUG_INFORMATION_FORMAT = "dwarf-with-dsym";
				ENABLE_NS_ASSERTIONS = NO;
				ENABLE_STRICT_OBJC_MSGSEND = YES;
				ENABLE_USER_SCRIPT_SANDBOXING = YES;
				GCC_C_LANGUAGE_STANDARD = gnu17;
				GCC_NO_COMMON_BLOCKS = YES;
				GCC_WARN_64_TO_32_BIT_CONVERSION = YES;
				GCC_WARN_ABOUT_RETURN_TYPE = YES_ERROR;
				GCC_WARN_UNDECLARED_SELECTOR = YES;
				GCC_WARN_UNINITIALIZED_AUTOS = YES_AGGRESSIVE;
				GCC_WARN_UNUSED_FUNCTION = YES;
				GCC_WARN_UNUSED_VARIABLE = YES;
				IPHONEOS_DEPLOYMENT_TARGET = 17.0;
				LOCALIZATION_PREFERS_STRING_CATALOGS = YES;
				MTL_ENABLE_DEBUG_INFO = NO;
				MTL_FAST_MATH = YES;
				SDKROOT = iphoneos;
				SWIFT_COMPILATION_MODE = wholemodule;
				VALIDATE_PRODUCT = YES;
			};
			name = Release;
		};
		E96E38052C1DE49F00DEF692 /* Debug */ = {
			isa = XCBuildConfiguration;
			buildSettings = {
				ASSETCATALOG_COMPILER_APPICON_NAME = AppIcon;
				ASSETCATALOG_COMPILER_GLOBAL_ACCENT_COLOR_NAME = AccentColor;
				CODE_SIGN_STYLE = Automatic;
				CURRENT_PROJECT_VERSION = 1;
				DEVELOPMENT_ASSET_PATHS = "\"ToDoList/Preview Content\"";
				DEVELOPMENT_TEAM = Z2VCV69C3G;
				ENABLE_PREVIEWS = YES;
				GENERATE_INFOPLIST_FILE = YES;
				INFOPLIST_KEY_UIApplicationSceneManifest_Generation = YES;
				INFOPLIST_KEY_UIApplicationSupportsIndirectInputEvents = YES;
				INFOPLIST_KEY_UILaunchScreen_Generation = YES;
				INFOPLIST_KEY_UISupportedInterfaceOrientations_iPad = "UIInterfaceOrientationPortrait UIInterfaceOrientationPortraitUpsideDown UIInterfaceOrientationLandscapeLeft UIInterfaceOrientationLandscapeRight";
				INFOPLIST_KEY_UISupportedInterfaceOrientations_iPhone = "UIInterfaceOrientationPortrait UIInterfaceOrientationLandscapeLeft UIInterfaceOrientationLandscapeRight";
				LD_RUNPATH_SEARCH_PATHS = (
					"$(inherited)",
					"@executable_path/Frameworks",
				);
				MARKETING_VERSION = 1.0;
				PRODUCT_BUNDLE_IDENTIFIER = dmshk.ToDoList;
				PRODUCT_NAME = "$(TARGET_NAME)";
				SWIFT_EMIT_LOC_STRINGS = YES;
				SWIFT_VERSION = 5.0;
				TARGETED_DEVICE_FAMILY = "1,2";
			};
			name = Debug;
		};
		E96E38062C1DE49F00DEF692 /* Release */ = {
			isa = XCBuildConfiguration;
			buildSettings = {
				ASSETCATALOG_COMPILER_APPICON_NAME = AppIcon;
				ASSETCATALOG_COMPILER_GLOBAL_ACCENT_COLOR_NAME = AccentColor;
				CODE_SIGN_STYLE = Automatic;
				CURRENT_PROJECT_VERSION = 1;
				DEVELOPMENT_ASSET_PATHS = "\"ToDoList/Preview Content\"";
				DEVELOPMENT_TEAM = Z2VCV69C3G;
				ENABLE_PREVIEWS = YES;
				GENERATE_INFOPLIST_FILE = YES;
				INFOPLIST_KEY_UIApplicationSceneManifest_Generation = YES;
				INFOPLIST_KEY_UIApplicationSupportsIndirectInputEvents = YES;
				INFOPLIST_KEY_UILaunchScreen_Generation = YES;
				INFOPLIST_KEY_UISupportedInterfaceOrientations_iPad = "UIInterfaceOrientationPortrait UIInterfaceOrientationPortraitUpsideDown UIInterfaceOrientationLandscapeLeft UIInterfaceOrientationLandscapeRight";
				INFOPLIST_KEY_UISupportedInterfaceOrientations_iPhone = "UIInterfaceOrientationPortrait UIInterfaceOrientationLandscapeLeft UIInterfaceOrientationLandscapeRight";
				LD_RUNPATH_SEARCH_PATHS = (
					"$(inherited)",
					"@executable_path/Frameworks",
				);
				MARKETING_VERSION = 1.0;
				PRODUCT_BUNDLE_IDENTIFIER = dmshk.ToDoList;
				PRODUCT_NAME = "$(TARGET_NAME)";
				SWIFT_EMIT_LOC_STRINGS = YES;
				SWIFT_VERSION = 5.0;
				TARGETED_DEVICE_FAMILY = "1,2";
			};
			name = Release;
		};
		E96E38082C1DE49F00DEF692 /* Debug */ = {
			isa = XCBuildConfiguration;
			buildSettings = {
				ALWAYS_EMBED_SWIFT_STANDARD_LIBRARIES = YES;
				BUNDLE_LOADER = "$(TEST_HOST)";
				CODE_SIGN_STYLE = Automatic;
				CURRENT_PROJECT_VERSION = 1;
				GENERATE_INFOPLIST_FILE = YES;
				IPHONEOS_DEPLOYMENT_TARGET = 17.0;
				MARKETING_VERSION = 1.0;
				PRODUCT_BUNDLE_IDENTIFIER = dmshk.ToDoListTests;
				PRODUCT_NAME = "$(TARGET_NAME)";
				SWIFT_EMIT_LOC_STRINGS = NO;
				SWIFT_VERSION = 5.0;
				TARGETED_DEVICE_FAMILY = "1,2";
				TEST_HOST = "$(BUILT_PRODUCTS_DIR)/ToDoList.app/$(BUNDLE_EXECUTABLE_FOLDER_PATH)/ToDoList";
			};
			name = Debug;
		};
		E96E38092C1DE49F00DEF692 /* Release */ = {
			isa = XCBuildConfiguration;
			buildSettings = {
				ALWAYS_EMBED_SWIFT_STANDARD_LIBRARIES = YES;
				BUNDLE_LOADER = "$(TEST_HOST)";
				CODE_SIGN_STYLE = Automatic;
				CURRENT_PROJECT_VERSION = 1;
				GENERATE_INFOPLIST_FILE = YES;
				IPHONEOS_DEPLOYMENT_TARGET = 17.0;
				MARKETING_VERSION = 1.0;
				PRODUCT_BUNDLE_IDENTIFIER = dmshk.ToDoListTests;
				PRODUCT_NAME = "$(TARGET_NAME)";
				SWIFT_EMIT_LOC_STRINGS = NO;
				SWIFT_VERSION = 5.0;
				TARGETED_DEVICE_FAMILY = "1,2";
				TEST_HOST = "$(BUILT_PRODUCTS_DIR)/ToDoList.app/$(BUNDLE_EXECUTABLE_FOLDER_PATH)/ToDoList";
			};
			name = Release;
		};
		E96E380B2C1DE49F00DEF692 /* Debug */ = {
			isa = XCBuildConfiguration;
			buildSettings = {
				ALWAYS_EMBED_SWIFT_STANDARD_LIBRARIES = YES;
				CODE_SIGN_STYLE = Automatic;
				CURRENT_PROJECT_VERSION = 1;
				GENERATE_INFOPLIST_FILE = YES;
				MARKETING_VERSION = 1.0;
				PRODUCT_BUNDLE_IDENTIFIER = dmshk.ToDoListUITests;
				PRODUCT_NAME = "$(TARGET_NAME)";
				SWIFT_EMIT_LOC_STRINGS = NO;
				SWIFT_VERSION = 5.0;
				TARGETED_DEVICE_FAMILY = "1,2";
				TEST_TARGET_NAME = ToDoList;
			};
			name = Debug;
		};
		E96E380C2C1DE49F00DEF692 /* Release */ = {
			isa = XCBuildConfiguration;
			buildSettings = {
				ALWAYS_EMBED_SWIFT_STANDARD_LIBRARIES = YES;
				CODE_SIGN_STYLE = Automatic;
				CURRENT_PROJECT_VERSION = 1;
				GENERATE_INFOPLIST_FILE = YES;
				MARKETING_VERSION = 1.0;
				PRODUCT_BUNDLE_IDENTIFIER = dmshk.ToDoListUITests;
				PRODUCT_NAME = "$(TARGET_NAME)";
				SWIFT_EMIT_LOC_STRINGS = NO;
				SWIFT_VERSION = 5.0;
				TARGETED_DEVICE_FAMILY = "1,2";
				TEST_TARGET_NAME = ToDoList;
			};
			name = Release;
		};
/* End XCBuildConfiguration section */

/* Begin XCConfigurationList section */
		E96E37DB2C1DE49D00DEF692 /* Build configuration list for PBXProject "ToDoList" */ = {
			isa = XCConfigurationList;
			buildConfigurations = (
				E96E38022C1DE49F00DEF692 /* Debug */,
				E96E38032C1DE49F00DEF692 /* Release */,
			);
			defaultConfigurationIsVisible = 0;
			defaultConfigurationName = Release;
		};
		E96E38042C1DE49F00DEF692 /* Build configuration list for PBXNativeTarget "ToDoList" */ = {
			isa = XCConfigurationList;
			buildConfigurations = (
				E96E38052C1DE49F00DEF692 /* Debug */,
				E96E38062C1DE49F00DEF692 /* Release */,
			);
			defaultConfigurationIsVisible = 0;
			defaultConfigurationName = Release;
		};
		E96E38072C1DE49F00DEF692 /* Build configuration list for PBXNativeTarget "ToDoListTests" */ = {
			isa = XCConfigurationList;
			buildConfigurations = (
				E96E38082C1DE49F00DEF692 /* Debug */,
				E96E38092C1DE49F00DEF692 /* Release */,
			);
			defaultConfigurationIsVisible = 0;
			defaultConfigurationName = Release;
		};
		E96E380A2C1DE49F00DEF692 /* Build configuration list for PBXNativeTarget "ToDoListUITests" */ = {
			isa = XCConfigurationList;
			buildConfigurations = (
				E96E380B2C1DE49F00DEF692 /* Debug */,
				E96E380C2C1DE49F00DEF692 /* Release */,
			);
			defaultConfigurationIsVisible = 0;
			defaultConfigurationName = Release;
		};
/* End XCConfigurationList section */
	};
	rootObject = E96E37D82C1DE49D00DEF692 /* Project object */;
}
